
Microsoft Visual Studio Solution File, Format Version 12.00
# Visual Studio 15
VisualStudioVersion = 15.0.28307.572
MinimumVisualStudioVersion = 10.0.40219.1
Project("{9A19103F-16F7-4668-BE54-9A1E7A4F7556}") = "WesDoyleForums", "WesDoyleForums\WesDoyleForums.csproj", "{8743DBF3-B8CF-4554-BF5D-EA1D17083514}"
EndProject
Project("{FAE04EC0-301F-11D3-BF4B-00C04F79EFBC}") = "WesDoyleForum.Data", "WesDoyleForum.Data\WesDoyleForum.Data.csproj", "{7C896C7D-E997-41F7-9A5D-AE119562F76B}"
EndProject
Global
	GlobalSection(SolutionConfigurationPlatforms) = preSolution
		Debug|Any CPU = Debug|Any CPU
		Release|Any CPU = Release|Any CPU
	EndGlobalSection
	GlobalSection(ProjectConfigurationPlatforms) = postSolution
		{8743DBF3-B8CF-4554-BF5D-EA1D17083514}.Debug|Any CPU.ActiveCfg = Debug|Any CPU
		{8743DBF3-B8CF-4554-BF5D-EA1D17083514}.Debug|Any CPU.Build.0 = Debug|Any CPU
		{8743DBF3-B8CF-4554-BF5D-EA1D17083514}.Release|Any CPU.ActiveCfg = Release|Any CPU
		{8743DBF3-B8CF-4554-BF5D-EA1D17083514}.Release|Any CPU.Build.0 = Release|Any CPU
		{7C896C7D-E997-41F7-9A5D-AE119562F76B}.Debug|Any CPU.ActiveCfg = Debug|Any CPU
		{7C896C7D-E997-41F7-9A5D-AE119562F76B}.Debug|Any CPU.Build.0 = Debug|Any CPU
		{7C896C7D-E997-41F7-9A5D-AE119562F76B}.Release|Any CPU.ActiveCfg = Release|Any CPU
		{7C896C7D-E997-41F7-9A5D-AE119562F76B}.Release|Any CPU.Build.0 = Release|Any CPU
	EndGlobalSection
	GlobalSection(SolutionProperties) = preSolution
		HideSolutionNode = FALSE
	EndGlobalSection
	GlobalSection(ExtensibilityGlobals) = postSolution
		SolutionGuid = {29C3A1C8-087A-4011-B2C8-9377B983AA18}
	EndGlobalSection
EndGlobal
